
Microsoft Visual Studio Solution File, Format Version 12.00
# Visual Studio Version 17
VisualStudioVersion = 17.14.36127.28 d17.14
MinimumVisualStudioVersion = 10.0.40219.1
Project("{FAE04EC0-301F-11D3-BF4B-00C04F79EFBC}") = "AmiManeraWeb", "AmiManeraWeb\AmiManeraWeb.csproj", "{8FB9BE3D-3744-466B-8407-0A04FD9BC84A}"
EndProject
Global
	GlobalSection(SolutionConfigurationPlatforms) = preSolution
		Debug|Any CPU = Debug|Any CPU
		Release|Any CPU = Release|Any CPU
	EndGlobalSection
	GlobalSection(ProjectConfigurationPlatforms) = postSolution
		{8FB9BE3D-3744-466B-8407-0A04FD9BC84A}.Debug|Any CPU.ActiveCfg = Debug|Any CPU
		{8FB9BE3D-3744-466B-8407-0A04FD9BC84A}.Debug|Any CPU.Build.0 = Debug|Any CPU
		{8FB9BE3D-3744-466B-8407-0A04FD9BC84A}.Release|Any CPU.ActiveCfg = Release|Any CPU
		{8FB9BE3D-3744-466B-8407-0A04FD9BC84A}.Release|Any CPU.Build.0 = Release|Any CPU
	EndGlobalSection
	GlobalSection(SolutionProperties) = preSolution
		HideSolutionNode = FALSE
	EndGlobalSection
	GlobalSection(ExtensibilityGlobals) = postSolution
		SolutionGuid = {807B3FF7-BE69-42CC-B012-DDA3A2AB881F}
	EndGlobalSection
EndGlobal
